
Microsoft Visual Studio Solution File, Format Version 12.00
# Visual Studio Version 16
VisualStudioVersion = 16.0.30717.126
MinimumVisualStudioVersion = 10.0.40219.1
Project("{FAE04EC0-301F-11D3-BF4B-00C04F79EFBC}") = "inventory", "inventory\inventory.csproj", "{51F1E8F0-E2AB-4090-9283-E97A0C8C6D1C}"
EndProject
Global
	GlobalSection(SolutionConfigurationPlatforms) = preSolution
		Debug|Any CPU = Debug|Any CPU
		Release|Any CPU = Release|Any CPU
	EndGlobalSection
	GlobalSection(ProjectConfigurationPlatforms) = postSolution
		{51F1E8F0-E2AB-4090-9283-E97A0C8C6D1C}.Debug|Any CPU.ActiveCfg = Debug|Any CPU
		{51F1E8F0-E2AB-4090-9283-E97A0C8C6D1C}.Debug|Any CPU.Build.0 = Debug|Any CPU
		{51F1E8F0-E2AB-4090-9283-E97A0C8C6D1C}.Release|Any CPU.ActiveCfg = Release|Any CPU
		{51F1E8F0-E2AB-4090-9283-E97A0C8C6D1C}.Release|Any CPU.Build.0 = Release|Any CPU
	EndGlobalSection
	GlobalSection(SolutionProperties) = preSolution
		HideSolutionNode = FALSE
	EndGlobalSection
	GlobalSection(ExtensibilityGlobals) = postSolution
		SolutionGuid = {BE67E22E-22B4-4622-8D5F-C633F867E2D5}
	EndGlobalSection
EndGlobal
